
Microsoft Visual Studio Solution File, Format Version 12.00
# Visual Studio 14
VisualStudioVersion = 14.0.25420.1
MinimumVisualStudioVersion = 10.0.40219.1
Project("{8BC9CEB8-8B4A-11D0-8D11-00A0C91BC942}") = "XidLibSample", "XidLibSample\XidLibSample.vcxproj", "{5187EDE2-27FB-4B4E-8951-B77CEF1E59E4}"
	ProjectSection(ProjectDependencies) = postProject
		{1516AF24-599F-4E9C-BCBC-D8E48EED10CA} = {1516AF24-599F-4E9C-BCBC-D8E48EED10CA}
	EndProjectSection
EndProject
Project("{8BC9CEB8-8B4A-11D0-8D11-00A0C91BC942}") = "XIDLib", "..\XIDLib\XIDLib.vcxproj", "{1516AF24-599F-4E9C-BCBC-D8E48EED10CA}"
EndProject
Global
	GlobalSection(SolutionConfigurationPlatforms) = preSolution
		Debug with Python Binding|x64 = Debug with Python Binding|x64
		Debug with Python Binding|x86 = Debug with Python Binding|x86
		Debug|x64 = Debug|x64
		Debug|x86 = Debug|x86
		Release|x64 = Release|x64
		Release|x86 = Release|x86
	EndGlobalSection
	GlobalSection(ProjectConfigurationPlatforms) = postSolution
		{5187EDE2-27FB-4B4E-8951-B77CEF1E59E4}.Debug with Python Binding|x64.ActiveCfg = Debug with Python Binding|x64
		{5187EDE2-27FB-4B4E-8951-B77CEF1E59E4}.Debug with Python Binding|x64.Build.0 = Debug with Python Binding|x64
		{5187EDE2-27FB-4B4E-8951-B77CEF1E59E4}.Debug with Python Binding|x86.ActiveCfg = Debug with Python Binding|Win32
		{5187EDE2-27FB-4B4E-8951-B77CEF1E59E4}.Debug with Python Binding|x86.Build.0 = Debug with Python Binding|Win32
		{5187EDE2-27FB-4B4E-8951-B77CEF1E59E4}.Debug|x64.ActiveCfg = Debug|x64
		{5187EDE2-27FB-4B4E-8951-B77CEF1E59E4}.Debug|x64.Build.0 = Debug|x64
		{5187EDE2-27FB-4B4E-8951-B77CEF1E59E4}.Debug|x86.ActiveCfg = Debug|Win32
		{5187EDE2-27FB-4B4E-8951-B77CEF1E59E4}.Debug|x86.Build.0 = Debug|Win32
		{5187EDE2-27FB-4B4E-8951-B77CEF1E59E4}.Release|x64.ActiveCfg = Release|x64
		{5187EDE2-27FB-4B4E-8951-B77CEF1E59E4}.Release|x64.Build.0 = Release|x64
		{5187EDE2-27FB-4B4E-8951-B77CEF1E59E4}.Release|x86.ActiveCfg = Release|Win32
		{5187EDE2-27FB-4B4E-8951-B77CEF1E59E4}.Release|x86.Build.0 = Release|Win32
		{1516AF24-599F-4E9C-BCBC-D8E48EED10CA}.Debug with Python Binding|x64.ActiveCfg = Debug with Python Binding|x64
		{1516AF24-599F-4E9C-BCBC-D8E48EED10CA}.Debug with Python Binding|x64.Build.0 = Debug with Python Binding|x64
		{1516AF24-599F-4E9C-BCBC-D8E48EED10CA}.Debug with Python Binding|x86.ActiveCfg = Debug with Python Binding|Win32
		{1516AF24-599F-4E9C-BCBC-D8E48EED10CA}.Debug with Python Binding|x86.Build.0 = Debug with Python Binding|Win32
		{1516AF24-599F-4E9C-BCBC-D8E48EED10CA}.Debug|x64.ActiveCfg = Debug|x64
		{1516AF24-599F-4E9C-BCBC-D8E48EED10CA}.Debug|x64.Build.0 = Debug|x64
		{1516AF24-599F-4E9C-BCBC-D8E48EED10CA}.Debug|x86.ActiveCfg = Debug|Win32
		{1516AF24-599F-4E9C-BCBC-D8E48EED10CA}.Debug|x86.Build.0 = Debug|Win32
		{1516AF24-599F-4E9C-BCBC-D8E48EED10CA}.Release|x64.ActiveCfg = Release|x64
		{1516AF24-599F-4E9C-BCBC-D8E48EED10CA}.Release|x64.Build.0 = Release|x64
		{1516AF24-599F-4E9C-BCBC-D8E48EED10CA}.Release|x86.ActiveCfg = Release|Win32
		{1516AF24-599F-4E9C-BCBC-D8E48EED10CA}.Release|x86.Build.0 = Release|Win32
	EndGlobalSection
	GlobalSection(SolutionProperties) = preSolution
		HideSolutionNode = FALSE
	EndGlobalSection
EndGlobal
