<?xml version="1.0" encoding="utf-8"?>
<Project ToolsVersion="4.0" xmlns="http://schemas.microsoft.com/developer/msbuild/2003">
  <ItemGroup>
    <ClCompile Include="CedrusXidActiveDevice.cpp">
      <Filter>Source Files</Filter>
    </ClCompile>
    <ClCompile Include="CedrusXidDeviceEnumerator.cpp">
      <Filter>Source Files</Filter>
    </ClCompile>
    <ClCompile Include="CedrusXidDriver.cpp">
      <Filter>Source Files</Filter>
    </ClCompile>
    <ClCompile Include="..\PresentationSDK\public_src\string_utilities.cpp">
      <Filter>Source Files</Filter>
    </ClCompile>
    <ClCompile Include="CedrusXidDriver_i.c">
      <Filter>Source Files</Filter>
    </ClCompile>
    <ClCompile Include="CedrusXidResponseDevice.cpp">
      <Filter>Source Files</Filter>
    </ClCompile>
    <ClCompile Include="..\PresentationSDK\public_src\com_initializer.cpp">
      <Filter>Source Files</Filter>
    </ClCompile>
    <ClCompile Include="dllmain.cpp">
      <Filter>Source Files</Filter>
    </ClCompile>
    <ClCompile Include="gui_console.cpp">
      <Filter>Source Files</Filter>
    </ClCompile>
    <ClCompile Include="..\PresentationSDK\ResponseExtension\interfaces\ResponseExtension_i.c">
      <Filter>Source Files</Filter>
    </ClCompile>
    <ClCompile Include="stdafx.cpp">
      <Filter>Source Files</Filter>
    </ClCompile>
  </ItemGroup>
  <ItemGroup>
    <ClInclude Include="CedrusXidActiveDevice.h">
      <Filter>Header Files</Filter>
    </ClInclude>
    <ClInclude Include="CedrusXidDeviceEnumerator.h">
      <Filter>Header Files</Filter>
    </ClInclude>
    <ClInclude Include="..\PresentationSDK\public_src\com_ptr.h">
      <Filter>Header Files</Filter>
    </ClInclude>
    <ClInclude Include="CedrusXidResponseDevice.h">
      <Filter>Header Files</Filter>
    </ClInclude>
    <ClInclude Include="..\PresentationSDK\public_src\com_initializer.h">
      <Filter>Header Files</Filter>
    </ClInclude>
    <ClInclude Include="CedrusXidDriver_i.h">
      <Filter>Header Files</Filter>
    </ClInclude>
    <ClInclude Include="gui_console.h">
      <Filter>Header Files</Filter>
    </ClInclude>
    <ClInclude Include="Resource.h">
      <Filter>Header Files</Filter>
    </ClInclude>
    <ClInclude Include="stdafx.h">
      <Filter>Header Files</Filter>
    </ClInclude>
    <ClInclude Include="..\PresentationSDK\public_src\string_utilities.h">
      <Filter>Header Files</Filter>
    </ClInclude>
    <ClInclude Include="targetver.h">
      <Filter>Header Files</Filter>
    </ClInclude>
    <ClInclude Include="dllmain.h">
      <Filter>Source Files</Filter>
    </ClInclude>
  </ItemGroup>
  <ItemGroup>
    <None Include="CedrusXidDeviceEnumerator.rgs">
      <Filter>Resources</Filter>
    </None>
    <None Include="CedrusXidActiveDevice.rgs">
      <Filter>Resources</Filter>
    </None>
    <None Include="CedrusXidDriver.rgs">
      <Filter>Resources</Filter>
    </None>
    <None Include="CedrusXidResponseDevice.rgs">
      <Filter>Resources</Filter>
    </None>
    <None Include="CedrusXidDriver.def">
      <Filter>Source Files</Filter>
    </None>
  </ItemGroup>
  <ItemGroup>
    <Filter Include="Header Files">
      <UniqueIdentifier>{1600f916-80b1-4c61-bdf4-8563cacc8990}</UniqueIdentifier>
      <Extensions>h;hpp;ipp;hxx</Extensions>
    </Filter>
    <Filter Include="Source Files">
      <UniqueIdentifier>{64ff7862-54d2-4984-bcd9-726fe866db64}</UniqueIdentifier>
      <Extensions>c;cpp;cxx;def;idl</Extensions>
    </Filter>
    <Filter Include="Resources">
      <UniqueIdentifier>{3852909b-0278-4bbe-83d9-9469918da065}</UniqueIdentifier>
    </Filter>
  </ItemGroup>
  <ItemGroup>
    <ResourceCompile Include="CedrusXidDriver.rc">
      <Filter>Resources</Filter>
    </ResourceCompile>
  </ItemGroup>
  <ItemGroup>
    <Midl Include="CedrusXidDriver.idl">
      <Filter>Source Files</Filter>
    </Midl>
  </ItemGroup>
</Project>